
Microsoft Visual Studio Solution File, Format Version 12.00
# Visual Studio Version 16
VisualStudioVersion = 16.0.28705.295
MinimumVisualStudioVersion = 10.0.40219.1
Project("{2150E333-8FDC-42A3-9474-1A3956D46DE8}") = "Shared", "Shared", "{95E14ED5-3E7F-4347-B94D-3891614F0B38}"
EndProject
Project("{9A19103F-16F7-4668-BE54-9A1E7A4F7556}") = "Unit.DbModel", "Unit.DbModel\Unit.DbModel.csproj", "{957681A0-4867-4A87-8943-7E0EBD21A494}"
EndProject
Project("{2150E333-8FDC-42A3-9474-1A3956D46DE8}") = "Platform", "Platform", "{2E587758-9A12-49E7-B57E-387041697707}"
EndProject
Project("{9A19103F-16F7-4668-BE54-9A1E7A4F7556}") = "Unit.Data", "Unit.Data\Unit.Data.csproj", "{2A42E3BE-A1DD-4C08-BB0E-EE683732F31A}"
EndProject
Project("{9A19103F-16F7-4668-BE54-9A1E7A4F7556}") = "Unit.Web", "Unit.Web\Unit.Web.csproj", "{5FFCB385-9C9B-4105-95CB-6FFD7C5F48E8}"
EndProject
Project("{2150E333-8FDC-42A3-9474-1A3956D46DE8}") = "Test", "Test", "{67FACCF7-E2DC-44D2-85E9-CF6C07DAC726}"
EndProject
Project("{9A19103F-16F7-4668-BE54-9A1E7A4F7556}") = "Unit.Data.Countermeasure", "Unit.Data.Countermeasure\Unit.Data.Countermeasure.csproj", "{E64D70CF-64ED-4859-A006-853AA820E585}"
EndProject
Project("{9A19103F-16F7-4668-BE54-9A1E7A4F7556}") = "Unit.Data.Test", "Unit.Data.Test\Unit.Data.Test.csproj", "{5E4A2A32-F427-4CCA-AA2A-F1B3D23E8B81}"
EndProject
Project("{9A19103F-16F7-4668-BE54-9A1E7A4F7556}") = "Unit.Account", "Unit.Account\Unit.Account.csproj", "{A99C6059-4494-46C5-9DDB-FD2858A7BA46}"
EndProject
Project("{9A19103F-16F7-4668-BE54-9A1E7A4F7556}") = "Unit.Web.Controller.Test", "Unit.Web.Controller.Test\Unit.Web.Controller.Test.csproj", "{F8C301AB-1D59-4F39-ACFC-49A8D38ADCD1}"
EndProject
Project("{FAE04EC0-301F-11D3-BF4B-00C04F79EFBC}") = "Unit.Storage", "Unti.Storage\Unit.Storage.csproj", "{E8C4CEDA-5EC9-401E-A43B-CB534391267E}"
EndProject
Global
	GlobalSection(SolutionConfigurationPlatforms) = preSolution
		Debug|Any CPU = Debug|Any CPU
		Release|Any CPU = Release|Any CPU
	EndGlobalSection
	GlobalSection(ProjectConfigurationPlatforms) = postSolution
		{957681A0-4867-4A87-8943-7E0EBD21A494}.Debug|Any CPU.ActiveCfg = Debug|Any CPU
		{957681A0-4867-4A87-8943-7E0EBD21A494}.Debug|Any CPU.Build.0 = Debug|Any CPU
		{957681A0-4867-4A87-8943-7E0EBD21A494}.Release|Any CPU.ActiveCfg = Release|Any CPU
		{957681A0-4867-4A87-8943-7E0EBD21A494}.Release|Any CPU.Build.0 = Release|Any CPU
		{2A42E3BE-A1DD-4C08-BB0E-EE683732F31A}.Debug|Any CPU.ActiveCfg = Debug|Any CPU
		{2A42E3BE-A1DD-4C08-BB0E-EE683732F31A}.Debug|Any CPU.Build.0 = Debug|Any CPU
		{2A42E3BE-A1DD-4C08-BB0E-EE683732F31A}.Release|Any CPU.ActiveCfg = Release|Any CPU
		{2A42E3BE-A1DD-4C08-BB0E-EE683732F31A}.Release|Any CPU.Build.0 = Release|Any CPU
		{5FFCB385-9C9B-4105-95CB-6FFD7C5F48E8}.Debug|Any CPU.ActiveCfg = Debug|Any CPU
		{5FFCB385-9C9B-4105-95CB-6FFD7C5F48E8}.Debug|Any CPU.Build.0 = Debug|Any CPU
		{5FFCB385-9C9B-4105-95CB-6FFD7C5F48E8}.Release|Any CPU.ActiveCfg = Release|Any CPU
		{5FFCB385-9C9B-4105-95CB-6FFD7C5F48E8}.Release|Any CPU.Build.0 = Release|Any CPU
		{E64D70CF-64ED-4859-A006-853AA820E585}.Debug|Any CPU.ActiveCfg = Debug|Any CPU
		{E64D70CF-64ED-4859-A006-853AA820E585}.Debug|Any CPU.Build.0 = Debug|Any CPU
		{E64D70CF-64ED-4859-A006-853AA820E585}.Release|Any CPU.ActiveCfg = Release|Any CPU
		{E64D70CF-64ED-4859-A006-853AA820E585}.Release|Any CPU.Build.0 = Release|Any CPU
		{5E4A2A32-F427-4CCA-AA2A-F1B3D23E8B81}.Debug|Any CPU.ActiveCfg = Debug|Any CPU
		{5E4A2A32-F427-4CCA-AA2A-F1B3D23E8B81}.Debug|Any CPU.Build.0 = Debug|Any CPU
		{5E4A2A32-F427-4CCA-AA2A-F1B3D23E8B81}.Release|Any CPU.ActiveCfg = Release|Any CPU
		{5E4A2A32-F427-4CCA-AA2A-F1B3D23E8B81}.Release|Any CPU.Build.0 = Release|Any CPU
		{A99C6059-4494-46C5-9DDB-FD2858A7BA46}.Debug|Any CPU.ActiveCfg = Debug|Any CPU
		{A99C6059-4494-46C5-9DDB-FD2858A7BA46}.Debug|Any CPU.Build.0 = Debug|Any CPU
		{A99C6059-4494-46C5-9DDB-FD2858A7BA46}.Release|Any CPU.ActiveCfg = Release|Any CPU
		{A99C6059-4494-46C5-9DDB-FD2858A7BA46}.Release|Any CPU.Build.0 = Release|Any CPU
		{F8C301AB-1D59-4F39-ACFC-49A8D38ADCD1}.Debug|Any CPU.ActiveCfg = Debug|Any CPU
		{F8C301AB-1D59-4F39-ACFC-49A8D38ADCD1}.Debug|Any CPU.Build.0 = Debug|Any CPU
		{F8C301AB-1D59-4F39-ACFC-49A8D38ADCD1}.Release|Any CPU.ActiveCfg = Release|Any CPU
		{F8C301AB-1D59-4F39-ACFC-49A8D38ADCD1}.Release|Any CPU.Build.0 = Release|Any CPU
		{E8C4CEDA-5EC9-401E-A43B-CB534391267E}.Debug|Any CPU.ActiveCfg = Debug|Any CPU
		{E8C4CEDA-5EC9-401E-A43B-CB534391267E}.Debug|Any CPU.Build.0 = Debug|Any CPU
		{E8C4CEDA-5EC9-401E-A43B-CB534391267E}.Release|Any CPU.ActiveCfg = Release|Any CPU
		{E8C4CEDA-5EC9-401E-A43B-CB534391267E}.Release|Any CPU.Build.0 = Release|Any CPU
	EndGlobalSection
	GlobalSection(SolutionProperties) = preSolution
		HideSolutionNode = FALSE
	EndGlobalSection
	GlobalSection(NestedProjects) = preSolution
		{957681A0-4867-4A87-8943-7E0EBD21A494} = {95E14ED5-3E7F-4347-B94D-3891614F0B38}
		{2A42E3BE-A1DD-4C08-BB0E-EE683732F31A} = {95E14ED5-3E7F-4347-B94D-3891614F0B38}
		{5FFCB385-9C9B-4105-95CB-6FFD7C5F48E8} = {2E587758-9A12-49E7-B57E-387041697707}
		{E64D70CF-64ED-4859-A006-853AA820E585} = {95E14ED5-3E7F-4347-B94D-3891614F0B38}
		{5E4A2A32-F427-4CCA-AA2A-F1B3D23E8B81} = {67FACCF7-E2DC-44D2-85E9-CF6C07DAC726}
		{A99C6059-4494-46C5-9DDB-FD2858A7BA46} = {95E14ED5-3E7F-4347-B94D-3891614F0B38}
		{F8C301AB-1D59-4F39-ACFC-49A8D38ADCD1} = {67FACCF7-E2DC-44D2-85E9-CF6C07DAC726}
		{E8C4CEDA-5EC9-401E-A43B-CB534391267E} = {95E14ED5-3E7F-4347-B94D-3891614F0B38}
	EndGlobalSection
	GlobalSection(ExtensibilityGlobals) = postSolution
		SolutionGuid = {49B2CAD2-C112-44D4-B4E4-42EAFE8D8F82}
	EndGlobalSection
EndGlobal
